
Microsoft Visual Studio Solution File, Format Version 12.00
# Visual Studio Version 17
VisualStudioVersion = 17.5.002.0
MinimumVisualStudioVersion = 10.0.40219.1
Project("{9A19103F-16F7-4668-BE54-9A1E7A4F7556}") = "api-tienda", "api-tienda.csproj", "{0FF9436A-F55D-4AFC-8A68-80A477E25DEE}"
EndProject
Global
	GlobalSection(SolutionConfigurationPlatforms) = preSolution
		Debug|Any CPU = Debug|Any CPU
		Release|Any CPU = Release|Any CPU
	EndGlobalSection
	GlobalSection(ProjectConfigurationPlatforms) = postSolution
		{0FF9436A-F55D-4AFC-8A68-80A477E25DEE}.Debug|Any CPU.ActiveCfg = Debug|Any CPU
		{0FF9436A-F55D-4AFC-8A68-80A477E25DEE}.Debug|Any CPU.Build.0 = Debug|Any CPU
		{0FF9436A-F55D-4AFC-8A68-80A477E25DEE}.Release|Any CPU.ActiveCfg = Release|Any CPU
		{0FF9436A-F55D-4AFC-8A68-80A477E25DEE}.Release|Any CPU.Build.0 = Release|Any CPU
	EndGlobalSection
	GlobalSection(SolutionProperties) = preSolution
		HideSolutionNode = FALSE
	EndGlobalSection
	GlobalSection(ExtensibilityGlobals) = postSolution
		SolutionGuid = {DFBC2AF9-B144-4281-8441-9EC27D7C3F21}
	EndGlobalSection
EndGlobal
